
Microsoft Visual Studio Solution File, Format Version 12.00
# Visual Studio Version 17
VisualStudioVersion = 17.1.32421.90
MinimumVisualStudioVersion = 10.0.40219.1
Project("{FAE04EC0-301F-11D3-BF4B-00C04F79EFBC}") = "Graph Algorithm", "Graph Algorithm.csproj", "{7D250BE3-C7C1-43E0-B99D-EB09CB937C16}"
EndProject
Global
	GlobalSection(SolutionConfigurationPlatforms) = preSolution
		Debug|Any CPU = Debug|Any CPU
		Release|Any CPU = Release|Any CPU
	EndGlobalSection
	GlobalSection(ProjectConfigurationPlatforms) = postSolution
		{7D250BE3-C7C1-43E0-B99D-EB09CB937C16}.Debug|Any CPU.ActiveCfg = Debug|Any CPU
		{7D250BE3-C7C1-43E0-B99D-EB09CB937C16}.Debug|Any CPU.Build.0 = Debug|Any CPU
		{7D250BE3-C7C1-43E0-B99D-EB09CB937C16}.Release|Any CPU.ActiveCfg = Release|Any CPU
		{7D250BE3-C7C1-43E0-B99D-EB09CB937C16}.Release|Any CPU.Build.0 = Release|Any CPU
	EndGlobalSection
	GlobalSection(SolutionProperties) = preSolution
		HideSolutionNode = FALSE
	EndGlobalSection
	GlobalSection(ExtensibilityGlobals) = postSolution
		SolutionGuid = {64E0915D-B9AB-4C45-A179-DBDD8A39BF1E}
	EndGlobalSection
EndGlobal
